
Microsoft Visual Studio Solution File, Format Version 12.00
# Visual Studio Version 16
VisualStudioVersion = 16.0.29326.143
MinimumVisualStudioVersion = 10.0.40219.1
Project("{9A19103F-16F7-4668-BE54-9A1E7A4F7556}") = "DotNetStdLib", "DotNetStdLib\DotNetStdLib.csproj", "{4F1E4404-64C5-4694-B3BB-6F19ACE5919A}"
EndProject
Project("{2150E333-8FDC-42A3-9474-1A3956D46DE8}") = "Solution Items", "Solution Items", "{58E77EE4-8C33-4046-B06E-D0B7D04C6BDA}"
	ProjectSection(SolutionItems) = preProject
		Solution Items\cc.snk = Solution Items\cc.snk
	EndProjectSection
EndProject
Project("{2150E333-8FDC-42A3-9474-1A3956D46DE8}") = "Targets", "Targets", "{290E4FC5-74D9-4A07-8660-A1257E3CE707}"
	ProjectSection(SolutionItems) = preProject
		Solution Items\CC.Package.props = Solution Items\CC.Package.props
		Solution Items\CC.Package.targets = Solution Items\CC.Package.targets
		Directory.build.props = Directory.build.props
		Directory.build.targets = Directory.build.targets
	EndProjectSection
EndProject
Project("{9A19103F-16F7-4668-BE54-9A1E7A4F7556}") = "DotNetStdLib.Test", "DotNetStdLib.Test\DotNetStdLib.Test.csproj", "{577427DA-6DC4-4434-AF17-672669C9955A}"
EndProject
Global
	GlobalSection(SolutionConfigurationPlatforms) = preSolution
		Debug|Any CPU = Debug|Any CPU
		Release|Any CPU = Release|Any CPU
	EndGlobalSection
	GlobalSection(ProjectConfigurationPlatforms) = postSolution
		{4F1E4404-64C5-4694-B3BB-6F19ACE5919A}.Debug|Any CPU.ActiveCfg = Debug|Any CPU
		{4F1E4404-64C5-4694-B3BB-6F19ACE5919A}.Debug|Any CPU.Build.0 = Debug|Any CPU
		{4F1E4404-64C5-4694-B3BB-6F19ACE5919A}.Release|Any CPU.ActiveCfg = Release|Any CPU
		{4F1E4404-64C5-4694-B3BB-6F19ACE5919A}.Release|Any CPU.Build.0 = Release|Any CPU
		{577427DA-6DC4-4434-AF17-672669C9955A}.Debug|Any CPU.ActiveCfg = Debug|Any CPU
		{577427DA-6DC4-4434-AF17-672669C9955A}.Debug|Any CPU.Build.0 = Debug|Any CPU
		{577427DA-6DC4-4434-AF17-672669C9955A}.Release|Any CPU.ActiveCfg = Release|Any CPU
		{577427DA-6DC4-4434-AF17-672669C9955A}.Release|Any CPU.Build.0 = Release|Any CPU
	EndGlobalSection
	GlobalSection(SolutionProperties) = preSolution
		HideSolutionNode = FALSE
	EndGlobalSection
	GlobalSection(NestedProjects) = preSolution
		{290E4FC5-74D9-4A07-8660-A1257E3CE707} = {58E77EE4-8C33-4046-B06E-D0B7D04C6BDA}
	EndGlobalSection
	GlobalSection(ExtensibilityGlobals) = postSolution
		SolutionGuid = {DAEE632B-A726-449E-8A32-FFE220887BA9}
	EndGlobalSection
EndGlobal
